
Microsoft Visual Studio Solution File, Format Version 12.00
# Visual Studio Version 17
VisualStudioVersion = 17.9.34728.123
MinimumVisualStudioVersion = 10.0.40219.1
Project("{FAE04EC0-301F-11D3-BF4B-00C04F79EFBC}") = "MultiDatacontainers", "MultiDatacontainers\MultiDatacontainers.csproj", "{90A5919A-0D04-49F6-A24D-3C83C96C76CB}"
EndProject
Global
	GlobalSection(SolutionConfigurationPlatforms) = preSolution
		Debug|Any CPU = Debug|Any CPU
		Release|Any CPU = Release|Any CPU
	EndGlobalSection
	GlobalSection(ProjectConfigurationPlatforms) = postSolution
		{90A5919A-0D04-49F6-A24D-3C83C96C76CB}.Debug|Any CPU.ActiveCfg = Debug|Any CPU
		{90A5919A-0D04-49F6-A24D-3C83C96C76CB}.Debug|Any CPU.Build.0 = Debug|Any CPU
		{90A5919A-0D04-49F6-A24D-3C83C96C76CB}.Release|Any CPU.ActiveCfg = Release|Any CPU
		{90A5919A-0D04-49F6-A24D-3C83C96C76CB}.Release|Any CPU.Build.0 = Release|Any CPU
	EndGlobalSection
	GlobalSection(SolutionProperties) = preSolution
		HideSolutionNode = FALSE
	EndGlobalSection
	GlobalSection(ExtensibilityGlobals) = postSolution
		SolutionGuid = {6DFA8C9C-901D-4784-AB6F-B49B52790C1E}
	EndGlobalSection
EndGlobal
